
Microsoft Visual Studio Solution File, Format Version 12.00
# Visual Studio Version 16
VisualStudioVersion = 16.0.30011.22
MinimumVisualStudioVersion = 10.0.40219.1
Project("{FAE04EC0-301F-11D3-BF4B-00C04F79EFBC}") = "FNA.Core", "..\FNA\FNA.Core.csproj", "{7CAA0F57-F4D1-48EC-B8E3-662172805862}"
EndProject
Project("{FAE04EC0-301F-11D3-BF4B-00C04F79EFBC}") = "XNAssets.FNA.Core", "..\XNAssets\src\XNAssets.FNA.Core.csproj", "{3D17B053-2152-4DB1-B331-237E6937A0AB}"
EndProject
Project("{FAE04EC0-301F-11D3-BF4B-00C04F79EFBC}") = "Myra.FNA.Core", "..\Myra\src\Myra\Myra.FNA.Core.csproj", "{05FD8964-507C-4D22-827B-A123A14B02AF}"
EndProject
Project("{FAE04EC0-301F-11D3-BF4B-00C04F79EFBC}") = "TroublesOfJord.Library.FNA.Core", "src\TroublesOfJord.Library\TroublesOfJord.Library.FNA.Core.csproj", "{F5AF9612-E49B-48B0-B74A-C76B01A292CC}"
EndProject
Project("{FAE04EC0-301F-11D3-BF4B-00C04F79EFBC}") = "TroublesOfJord.Game.FNA.Core", "src\TroublesOfJord.Game\TroublesOfJord.Game.FNA.Core.csproj", "{09D0FA88-7CB4-471A-8807-C454E08898F6}"
EndProject
Project("{FAE04EC0-301F-11D3-BF4B-00C04F79EFBC}") = "Myra.Extended.FNA.Core", "..\Myra.Extended\src\Myra.Extended.FNA.Core.csproj", "{69A6B08C-389B-4171-B6C0-8E1A242D99EC}"
EndProject
Global
	GlobalSection(SolutionConfigurationPlatforms) = preSolution
		Debug Minimal Dependencies|Any CPU = Debug Minimal Dependencies|Any CPU
		Debug Minimal Dependencies|x64 = Debug Minimal Dependencies|x64
		Debug Minimal Dependencies|x86 = Debug Minimal Dependencies|x86
		Debug|Any CPU = Debug|Any CPU
		Debug|x64 = Debug|x64
		Debug|x86 = Debug|x86
		Release Minimal Dependencies|Any CPU = Release Minimal Dependencies|Any CPU
		Release Minimal Dependencies|x64 = Release Minimal Dependencies|x64
		Release Minimal Dependencies|x86 = Release Minimal Dependencies|x86
		Release|Any CPU = Release|Any CPU
		Release|x64 = Release|x64
		Release|x86 = Release|x86
	EndGlobalSection
	GlobalSection(ProjectConfigurationPlatforms) = postSolution
		{7CAA0F57-F4D1-48EC-B8E3-662172805862}.Debug Minimal Dependencies|Any CPU.ActiveCfg = Debug|x64
		{7CAA0F57-F4D1-48EC-B8E3-662172805862}.Debug Minimal Dependencies|Any CPU.Build.0 = Debug|x64
		{7CAA0F57-F4D1-48EC-B8E3-662172805862}.Debug Minimal Dependencies|x64.ActiveCfg = Debug|x64
		{7CAA0F57-F4D1-48EC-B8E3-662172805862}.Debug Minimal Dependencies|x64.Build.0 = Debug|x64
		{7CAA0F57-F4D1-48EC-B8E3-662172805862}.Debug Minimal Dependencies|x86.ActiveCfg = Debug|x64
		{7CAA0F57-F4D1-48EC-B8E3-662172805862}.Debug Minimal Dependencies|x86.Build.0 = Debug|x64
		{7CAA0F57-F4D1-48EC-B8E3-662172805862}.Debug|Any CPU.ActiveCfg = Debug|x64
		{7CAA0F57-F4D1-48EC-B8E3-662172805862}.Debug|Any CPU.Build.0 = Debug|x64
		{7CAA0F57-F4D1-48EC-B8E3-662172805862}.Debug|x64.ActiveCfg = Debug|x64
		{7CAA0F57-F4D1-48EC-B8E3-662172805862}.Debug|x64.Build.0 = Debug|x64
		{7CAA0F57-F4D1-48EC-B8E3-662172805862}.Debug|x86.ActiveCfg = Debug|x64
		{7CAA0F57-F4D1-48EC-B8E3-662172805862}.Debug|x86.Build.0 = Debug|x64
		{7CAA0F57-F4D1-48EC-B8E3-662172805862}.Release Minimal Dependencies|Any CPU.ActiveCfg = Debug|x64
		{7CAA0F57-F4D1-48EC-B8E3-662172805862}.Release Minimal Dependencies|Any CPU.Build.0 = Debug|x64
		{7CAA0F57-F4D1-48EC-B8E3-662172805862}.Release Minimal Dependencies|x64.ActiveCfg = Debug|x64
		{7CAA0F57-F4D1-48EC-B8E3-662172805862}.Release Minimal Dependencies|x64.Build.0 = Debug|x64
		{7CAA0F57-F4D1-48EC-B8E3-662172805862}.Release Minimal Dependencies|x86.ActiveCfg = Debug|x64
		{7CAA0F57-F4D1-48EC-B8E3-662172805862}.Release Minimal Dependencies|x86.Build.0 = Debug|x64
		{7CAA0F57-F4D1-48EC-B8E3-662172805862}.Release|Any CPU.ActiveCfg = Release|x64
		{7CAA0F57-F4D1-48EC-B8E3-662172805862}.Release|Any CPU.Build.0 = Release|x64
		{7CAA0F57-F4D1-48EC-B8E3-662172805862}.Release|x64.ActiveCfg = Release|x64
		{7CAA0F57-F4D1-48EC-B8E3-662172805862}.Release|x64.Build.0 = Release|x64
		{7CAA0F57-F4D1-48EC-B8E3-662172805862}.Release|x86.ActiveCfg = Release|x64
		{7CAA0F57-F4D1-48EC-B8E3-662172805862}.Release|x86.Build.0 = Release|x64
		{3D17B053-2152-4DB1-B331-237E6937A0AB}.Debug Minimal Dependencies|Any CPU.ActiveCfg = Debug|Any CPU
		{3D17B053-2152-4DB1-B331-237E6937A0AB}.Debug Minimal Dependencies|Any CPU.Build.0 = Debug|Any CPU
		{3D17B053-2152-4DB1-B331-237E6937A0AB}.Debug Minimal Dependencies|x64.ActiveCfg = Debug|Any CPU
		{3D17B053-2152-4DB1-B331-237E6937A0AB}.Debug Minimal Dependencies|x64.Build.0 = Debug|Any CPU
		{3D17B053-2152-4DB1-B331-237E6937A0AB}.Debug Minimal Dependencies|x86.ActiveCfg = Debug|Any CPU
		{3D17B053-2152-4DB1-B331-237E6937A0AB}.Debug Minimal Dependencies|x86.Build.0 = Debug|Any CPU
		{3D17B053-2152-4DB1-B331-237E6937A0AB}.Debug|Any CPU.ActiveCfg = Debug|Any CPU
		{3D17B053-2152-4DB1-B331-237E6937A0AB}.Debug|Any CPU.Build.0 = Debug|Any CPU
		{3D17B053-2152-4DB1-B331-237E6937A0AB}.Debug|x64.ActiveCfg = Debug|Any CPU
		{3D17B053-2152-4DB1-B331-237E6937A0AB}.Debug|x64.Build.0 = Debug|Any CPU
		{3D17B053-2152-4DB1-B331-237E6937A0AB}.Debug|x86.ActiveCfg = Debug|Any CPU
		{3D17B053-2152-4DB1-B331-237E6937A0AB}.Debug|x86.Build.0 = Debug|Any CPU
		{3D17B053-2152-4DB1-B331-237E6937A0AB}.Release Minimal Dependencies|Any CPU.ActiveCfg = Debug|Any CPU
		{3D17B053-2152-4DB1-B331-237E6937A0AB}.Release Minimal Dependencies|Any CPU.Build.0 = Debug|Any CPU
		{3D17B053-2152-4DB1-B331-237E6937A0AB}.Release Minimal Dependencies|x64.ActiveCfg = Debug|Any CPU
		{3D17B053-2152-4DB1-B331-237E6937A0AB}.Release Minimal Dependencies|x64.Build.0 = Debug|Any CPU
		{3D17B053-2152-4DB1-B331-237E6937A0AB}.Release Minimal Dependencies|x86.ActiveCfg = Debug|Any CPU
		{3D17B053-2152-4DB1-B331-237E6937A0AB}.Release Minimal Dependencies|x86.Build.0 = Debug|Any CPU
		{3D17B053-2152-4DB1-B331-237E6937A0AB}.Release|Any CPU.ActiveCfg = Release|Any CPU
		{3D17B053-2152-4DB1-B331-237E6937A0AB}.Release|Any CPU.Build.0 = Release|Any CPU
		{3D17B053-2152-4DB1-B331-237E6937A0AB}.Release|x64.ActiveCfg = Release|Any CPU
		{3D17B053-2152-4DB1-B331-237E6937A0AB}.Release|x64.Build.0 = Release|Any CPU
		{3D17B053-2152-4DB1-B331-237E6937A0AB}.Release|x86.ActiveCfg = Release|Any CPU
		{3D17B053-2152-4DB1-B331-237E6937A0AB}.Release|x86.Build.0 = Release|Any CPU
		{05FD8964-507C-4D22-827B-A123A14B02AF}.Debug Minimal Dependencies|Any CPU.ActiveCfg = Debug|Any CPU
		{05FD8964-507C-4D22-827B-A123A14B02AF}.Debug Minimal Dependencies|Any CPU.Build.0 = Debug|Any CPU
		{05FD8964-507C-4D22-827B-A123A14B02AF}.Debug Minimal Dependencies|x64.ActiveCfg = Debug|Any CPU
		{05FD8964-507C-4D22-827B-A123A14B02AF}.Debug Minimal Dependencies|x64.Build.0 = Debug|Any CPU
		{05FD8964-507C-4D22-827B-A123A14B02AF}.Debug Minimal Dependencies|x86.ActiveCfg = Debug|Any CPU
		{05FD8964-507C-4D22-827B-A123A14B02AF}.Debug Minimal Dependencies|x86.Build.0 = Debug|Any CPU
		{05FD8964-507C-4D22-827B-A123A14B02AF}.Debug|Any CPU.ActiveCfg = Debug|Any CPU
		{05FD8964-507C-4D22-827B-A123A14B02AF}.Debug|Any CPU.Build.0 = Debug|Any CPU
		{05FD8964-507C-4D22-827B-A123A14B02AF}.Debug|x64.ActiveCfg = Debug|Any CPU
		{05FD8964-507C-4D22-827B-A123A14B02AF}.Debug|x64.Build.0 = Debug|Any CPU
		{05FD8964-507C-4D22-827B-A123A14B02AF}.Debug|x86.ActiveCfg = Debug|Any CPU
		{05FD8964-507C-4D22-827B-A123A14B02AF}.Debug|x86.Build.0 = Debug|Any CPU
		{05FD8964-507C-4D22-827B-A123A14B02AF}.Release Minimal Dependencies|Any CPU.ActiveCfg = Debug|Any CPU
		{05FD8964-507C-4D22-827B-A123A14B02AF}.Release Minimal Dependencies|Any CPU.Build.0 = Debug|Any CPU
		{05FD8964-507C-4D22-827B-A123A14B02AF}.Release Minimal Dependencies|x64.ActiveCfg = Debug|Any CPU
		{05FD8964-507C-4D22-827B-A123A14B02AF}.Release Minimal Dependencies|x64.Build.0 = Debug|Any CPU
		{05FD8964-507C-4D22-827B-A123A14B02AF}.Release Minimal Dependencies|x86.ActiveCfg = Debug|Any CPU
		{05FD8964-507C-4D22-827B-A123A14B02AF}.Release Minimal Dependencies|x86.Build.0 = Debug|Any CPU
		{05FD8964-507C-4D22-827B-A123A14B02AF}.Release|Any CPU.ActiveCfg = Release|Any CPU
		{05FD8964-507C-4D22-827B-A123A14B02AF}.Release|Any CPU.Build.0 = Release|Any CPU
		{05FD8964-507C-4D22-827B-A123A14B02AF}.Release|x64.ActiveCfg = Release|Any CPU
		{05FD8964-507C-4D22-827B-A123A14B02AF}.Release|x64.Build.0 = Release|Any CPU
		{05FD8964-507C-4D22-827B-A123A14B02AF}.Release|x86.ActiveCfg = Release|Any CPU
		{05FD8964-507C-4D22-827B-A123A14B02AF}.Release|x86.Build.0 = Release|Any CPU
		{F5AF9612-E49B-48B0-B74A-C76B01A292CC}.Debug Minimal Dependencies|Any CPU.ActiveCfg = Debug|Any CPU
		{F5AF9612-E49B-48B0-B74A-C76B01A292CC}.Debug Minimal Dependencies|Any CPU.Build.0 = Debug|Any CPU
		{F5AF9612-E49B-48B0-B74A-C76B01A292CC}.Debug Minimal Dependencies|x64.ActiveCfg = Debug|Any CPU
		{F5AF9612-E49B-48B0-B74A-C76B01A292CC}.Debug Minimal Dependencies|x64.Build.0 = Debug|Any CPU
		{F5AF9612-E49B-48B0-B74A-C76B01A292CC}.Debug Minimal Dependencies|x86.ActiveCfg = Debug|Any CPU
		{F5AF9612-E49B-48B0-B74A-C76B01A292CC}.Debug Minimal Dependencies|x86.Build.0 = Debug|Any CPU
		{F5AF9612-E49B-48B0-B74A-C76B01A292CC}.Debug|Any CPU.ActiveCfg = Debug|Any CPU
		{F5AF9612-E49B-48B0-B74A-C76B01A292CC}.Debug|Any CPU.Build.0 = Debug|Any CPU
		{F5AF9612-E49B-48B0-B74A-C76B01A292CC}.Debug|x64.ActiveCfg = Debug|Any CPU
		{F5AF9612-E49B-48B0-B74A-C76B01A292CC}.Debug|x64.Build.0 = Debug|Any CPU
		{F5AF9612-E49B-48B0-B74A-C76B01A292CC}.Debug|x86.ActiveCfg = Debug|Any CPU
		{F5AF9612-E49B-48B0-B74A-C76B01A292CC}.Debug|x86.Build.0 = Debug|Any CPU
		{F5AF9612-E49B-48B0-B74A-C76B01A292CC}.Release Minimal Dependencies|Any CPU.ActiveCfg = Debug|Any CPU
		{F5AF9612-E49B-48B0-B74A-C76B01A292CC}.Release Minimal Dependencies|Any CPU.Build.0 = Debug|Any CPU
		{F5AF9612-E49B-48B0-B74A-C76B01A292CC}.Release Minimal Dependencies|x64.ActiveCfg = Debug|Any CPU
		{F5AF9612-E49B-48B0-B74A-C76B01A292CC}.Release Minimal Dependencies|x64.Build.0 = Debug|Any CPU
		{F5AF9612-E49B-48B0-B74A-C76B01A292CC}.Release Minimal Dependencies|x86.ActiveCfg = Debug|Any CPU
		{F5AF9612-E49B-48B0-B74A-C76B01A292CC}.Release Minimal Dependencies|x86.Build.0 = Debug|Any CPU
		{F5AF9612-E49B-48B0-B74A-C76B01A292CC}.Release|Any CPU.ActiveCfg = Release|Any CPU
		{F5AF9612-E49B-48B0-B74A-C76B01A292CC}.Release|Any CPU.Build.0 = Release|Any CPU
		{F5AF9612-E49B-48B0-B74A-C76B01A292CC}.Release|x64.ActiveCfg = Release|Any CPU
		{F5AF9612-E49B-48B0-B74A-C76B01A292CC}.Release|x64.Build.0 = Release|Any CPU
		{F5AF9612-E49B-48B0-B74A-C76B01A292CC}.Release|x86.ActiveCfg = Release|Any CPU
		{F5AF9612-E49B-48B0-B74A-C76B01A292CC}.Release|x86.Build.0 = Release|Any CPU
		{09D0FA88-7CB4-471A-8807-C454E08898F6}.Debug Minimal Dependencies|Any CPU.ActiveCfg = Debug|Any CPU
		{09D0FA88-7CB4-471A-8807-C454E08898F6}.Debug Minimal Dependencies|Any CPU.Build.0 = Debug|Any CPU
		{09D0FA88-7CB4-471A-8807-C454E08898F6}.Debug Minimal Dependencies|x64.ActiveCfg = Debug|Any CPU
		{09D0FA88-7CB4-471A-8807-C454E08898F6}.Debug Minimal Dependencies|x64.Build.0 = Debug|Any CPU
		{09D0FA88-7CB4-471A-8807-C454E08898F6}.Debug Minimal Dependencies|x86.ActiveCfg = Debug|Any CPU
		{09D0FA88-7CB4-471A-8807-C454E08898F6}.Debug Minimal Dependencies|x86.Build.0 = Debug|Any CPU
		{09D0FA88-7CB4-471A-8807-C454E08898F6}.Debug|Any CPU.ActiveCfg = Debug|Any CPU
		{09D0FA88-7CB4-471A-8807-C454E08898F6}.Debug|Any CPU.Build.0 = Debug|Any CPU
		{09D0FA88-7CB4-471A-8807-C454E08898F6}.Debug|x64.ActiveCfg = Debug|Any CPU
		{09D0FA88-7CB4-471A-8807-C454E08898F6}.Debug|x64.Build.0 = Debug|Any CPU
		{09D0FA88-7CB4-471A-8807-C454E08898F6}.Debug|x86.ActiveCfg = Debug|Any CPU
		{09D0FA88-7CB4-471A-8807-C454E08898F6}.Debug|x86.Build.0 = Debug|Any CPU
		{09D0FA88-7CB4-471A-8807-C454E08898F6}.Release Minimal Dependencies|Any CPU.ActiveCfg = Debug|Any CPU
		{09D0FA88-7CB4-471A-8807-C454E08898F6}.Release Minimal Dependencies|Any CPU.Build.0 = Debug|Any CPU
		{09D0FA88-7CB4-471A-8807-C454E08898F6}.Release Minimal Dependencies|x64.ActiveCfg = Debug|Any CPU
		{09D0FA88-7CB4-471A-8807-C454E08898F6}.Release Minimal Dependencies|x64.Build.0 = Debug|Any CPU
		{09D0FA88-7CB4-471A-8807-C454E08898F6}.Release Minimal Dependencies|x86.ActiveCfg = Debug|Any CPU
		{09D0FA88-7CB4-471A-8807-C454E08898F6}.Release Minimal Dependencies|x86.Build.0 = Debug|Any CPU
		{09D0FA88-7CB4-471A-8807-C454E08898F6}.Release|Any CPU.ActiveCfg = Release|Any CPU
		{09D0FA88-7CB4-471A-8807-C454E08898F6}.Release|Any CPU.Build.0 = Release|Any CPU
		{09D0FA88-7CB4-471A-8807-C454E08898F6}.Release|x64.ActiveCfg = Release|Any CPU
		{09D0FA88-7CB4-471A-8807-C454E08898F6}.Release|x64.Build.0 = Release|Any CPU
		{09D0FA88-7CB4-471A-8807-C454E08898F6}.Release|x86.ActiveCfg = Release|Any CPU
		{09D0FA88-7CB4-471A-8807-C454E08898F6}.Release|x86.Build.0 = Release|Any CPU
		{69A6B08C-389B-4171-B6C0-8E1A242D99EC}.Debug Minimal Dependencies|Any CPU.ActiveCfg = Debug|Any CPU
		{69A6B08C-389B-4171-B6C0-8E1A242D99EC}.Debug Minimal Dependencies|Any CPU.Build.0 = Debug|Any CPU
		{69A6B08C-389B-4171-B6C0-8E1A242D99EC}.Debug Minimal Dependencies|x64.ActiveCfg = Debug|Any CPU
		{69A6B08C-389B-4171-B6C0-8E1A242D99EC}.Debug Minimal Dependencies|x64.Build.0 = Debug|Any CPU
		{69A6B08C-389B-4171-B6C0-8E1A242D99EC}.Debug Minimal Dependencies|x86.ActiveCfg = Debug|Any CPU
		{69A6B08C-389B-4171-B6C0-8E1A242D99EC}.Debug Minimal Dependencies|x86.Build.0 = Debug|Any CPU
		{69A6B08C-389B-4171-B6C0-8E1A242D99EC}.Debug|Any CPU.ActiveCfg = Debug|Any CPU
		{69A6B08C-389B-4171-B6C0-8E1A242D99EC}.Debug|Any CPU.Build.0 = Debug|Any CPU
		{69A6B08C-389B-4171-B6C0-8E1A242D99EC}.Debug|x64.ActiveCfg = Debug|Any CPU
		{69A6B08C-389B-4171-B6C0-8E1A242D99EC}.Debug|x64.Build.0 = Debug|Any CPU
		{69A6B08C-389B-4171-B6C0-8E1A242D99EC}.Debug|x86.ActiveCfg = Debug|Any CPU
		{69A6B08C-389B-4171-B6C0-8E1A242D99EC}.Debug|x86.Build.0 = Debug|Any CPU
		{69A6B08C-389B-4171-B6C0-8E1A242D99EC}.Release Minimal Dependencies|Any CPU.ActiveCfg = Debug|Any CPU
		{69A6B08C-389B-4171-B6C0-8E1A242D99EC}.Release Minimal Dependencies|Any CPU.Build.0 = Debug|Any CPU
		{69A6B08C-389B-4171-B6C0-8E1A242D99EC}.Release Minimal Dependencies|x64.ActiveCfg = Debug|Any CPU
		{69A6B08C-389B-4171-B6C0-8E1A242D99EC}.Release Minimal Dependencies|x64.Build.0 = Debug|Any CPU
		{69A6B08C-389B-4171-B6C0-8E1A242D99EC}.Release Minimal Dependencies|x86.ActiveCfg = Debug|Any CPU
		{69A6B08C-389B-4171-B6C0-8E1A242D99EC}.Release Minimal Dependencies|x86.Build.0 = Debug|Any CPU
		{69A6B08C-389B-4171-B6C0-8E1A242D99EC}.Release|Any CPU.ActiveCfg = Release|Any CPU
		{69A6B08C-389B-4171-B6C0-8E1A242D99EC}.Release|Any CPU.Build.0 = Release|Any CPU
		{69A6B08C-389B-4171-B6C0-8E1A242D99EC}.Release|x64.ActiveCfg = Release|Any CPU
		{69A6B08C-389B-4171-B6C0-8E1A242D99EC}.Release|x64.Build.0 = Release|Any CPU
		{69A6B08C-389B-4171-B6C0-8E1A242D99EC}.Release|x86.ActiveCfg = Release|Any CPU
		{69A6B08C-389B-4171-B6C0-8E1A242D99EC}.Release|x86.Build.0 = Release|Any CPU
	EndGlobalSection
	GlobalSection(SolutionProperties) = preSolution
		HideSolutionNode = FALSE
	EndGlobalSection
	GlobalSection(ExtensibilityGlobals) = postSolution
		SolutionGuid = {A9C9D369-EE58-4E9D-B9FE-63023B644741}
	EndGlobalSection
	GlobalSection(MonoDevelopProperties) = preSolution
		StartupItem = Myra.UIEditor\Myra.UIEditor.csproj
	EndGlobalSection
EndGlobal
