
Microsoft Visual Studio Solution File, Format Version 12.00
# Visual Studio Version 17
VisualStudioVersion = 17.1.32328.378
MinimumVisualStudioVersion = 10.0.40219.1
Project("{9A19103F-16F7-4668-BE54-9A1E7A4F7556}") = "FNA.Core", "..\FNA\FNA.Core.csproj", "{7CAA0F57-F4D1-48EC-B8E3-662172805862}"
EndProject
Project("{9A19103F-16F7-4668-BE54-9A1E7A4F7556}") = "Myra.FNA.Core", "..\Myra\src\Myra\Myra.FNA.Core.csproj", "{05FD8964-507C-4D22-827B-A123A14B02AF}"
EndProject
Project("{9A19103F-16F7-4668-BE54-9A1E7A4F7556}") = "Myra.Extended.FNA.Core", "..\Myra.Extended\src\Myra.Extended.FNA.Core.csproj", "{69A6B08C-389B-4171-B6C0-8E1A242D99EC}"
EndProject
Project("{9A19103F-16F7-4668-BE54-9A1E7A4F7556}") = "FontStashSharp.FNA.Core", "..\FontStashSharp\src\XNA\FontStashSharp.FNA.Core.csproj", "{849D28DD-57AB-4F89-B028-660A54BF5658}"
EndProject
Project("{9A19103F-16F7-4668-BE54-9A1E7A4F7556}") = "Jord.Library.FNA.Core", "src\Jord.Library\Jord.Library.FNA.Core.csproj", "{99CB3441-F12B-425C-8F17-E066FC303AE7}"
EndProject
Project("{9A19103F-16F7-4668-BE54-9A1E7A4F7556}") = "Jord.Game.FNA.Core", "src\Jord.Game\Jord.Game.FNA.Core.csproj", "{46D4374A-6348-40A9-89E1-F9C4947F83C7}"
EndProject
Project("{9A19103F-16F7-4668-BE54-9A1E7A4F7556}") = "Jord.MapEditor.FNA.Core", "src\Jord.MapEditor\Jord.MapEditor.FNA.Core.csproj", "{3FBA4AB7-6734-4DD9-8EE9-2C1E06F5A0C1}"
EndProject
Global
	GlobalSection(SolutionConfigurationPlatforms) = preSolution
		Debug|Any CPU = Debug|Any CPU
		Debug|x64 = Debug|x64
		Debug|x86 = Debug|x86
		Release|Any CPU = Release|Any CPU
		Release|x64 = Release|x64
		Release|x86 = Release|x86
	EndGlobalSection
	GlobalSection(ProjectConfigurationPlatforms) = postSolution
		{7CAA0F57-F4D1-48EC-B8E3-662172805862}.Debug|Any CPU.ActiveCfg = Debug|x64
		{7CAA0F57-F4D1-48EC-B8E3-662172805862}.Debug|Any CPU.Build.0 = Debug|x64
		{7CAA0F57-F4D1-48EC-B8E3-662172805862}.Debug|x64.ActiveCfg = Debug|x64
		{7CAA0F57-F4D1-48EC-B8E3-662172805862}.Debug|x64.Build.0 = Debug|x64
		{7CAA0F57-F4D1-48EC-B8E3-662172805862}.Debug|x86.ActiveCfg = Debug|x64
		{7CAA0F57-F4D1-48EC-B8E3-662172805862}.Debug|x86.Build.0 = Debug|x64
		{7CAA0F57-F4D1-48EC-B8E3-662172805862}.Release|Any CPU.ActiveCfg = Release|x64
		{7CAA0F57-F4D1-48EC-B8E3-662172805862}.Release|Any CPU.Build.0 = Release|x64
		{7CAA0F57-F4D1-48EC-B8E3-662172805862}.Release|x64.ActiveCfg = Release|x64
		{7CAA0F57-F4D1-48EC-B8E3-662172805862}.Release|x64.Build.0 = Release|x64
		{7CAA0F57-F4D1-48EC-B8E3-662172805862}.Release|x86.ActiveCfg = Release|x64
		{7CAA0F57-F4D1-48EC-B8E3-662172805862}.Release|x86.Build.0 = Release|x64
		{05FD8964-507C-4D22-827B-A123A14B02AF}.Debug|Any CPU.ActiveCfg = Debug|Any CPU
		{05FD8964-507C-4D22-827B-A123A14B02AF}.Debug|Any CPU.Build.0 = Debug|Any CPU
		{05FD8964-507C-4D22-827B-A123A14B02AF}.Debug|x64.ActiveCfg = Debug|Any CPU
		{05FD8964-507C-4D22-827B-A123A14B02AF}.Debug|x64.Build.0 = Debug|Any CPU
		{05FD8964-507C-4D22-827B-A123A14B02AF}.Debug|x86.ActiveCfg = Debug|Any CPU
		{05FD8964-507C-4D22-827B-A123A14B02AF}.Debug|x86.Build.0 = Debug|Any CPU
		{05FD8964-507C-4D22-827B-A123A14B02AF}.Release|Any CPU.ActiveCfg = Release|Any CPU
		{05FD8964-507C-4D22-827B-A123A14B02AF}.Release|Any CPU.Build.0 = Release|Any CPU
		{05FD8964-507C-4D22-827B-A123A14B02AF}.Release|x64.ActiveCfg = Release|Any CPU
		{05FD8964-507C-4D22-827B-A123A14B02AF}.Release|x64.Build.0 = Release|Any CPU
		{05FD8964-507C-4D22-827B-A123A14B02AF}.Release|x86.ActiveCfg = Release|Any CPU
		{05FD8964-507C-4D22-827B-A123A14B02AF}.Release|x86.Build.0 = Release|Any CPU
		{69A6B08C-389B-4171-B6C0-8E1A242D99EC}.Debug|Any CPU.ActiveCfg = Debug|Any CPU
		{69A6B08C-389B-4171-B6C0-8E1A242D99EC}.Debug|Any CPU.Build.0 = Debug|Any CPU
		{69A6B08C-389B-4171-B6C0-8E1A242D99EC}.Debug|x64.ActiveCfg = Debug|Any CPU
		{69A6B08C-389B-4171-B6C0-8E1A242D99EC}.Debug|x64.Build.0 = Debug|Any CPU
		{69A6B08C-389B-4171-B6C0-8E1A242D99EC}.Debug|x86.ActiveCfg = Debug|Any CPU
		{69A6B08C-389B-4171-B6C0-8E1A242D99EC}.Debug|x86.Build.0 = Debug|Any CPU
		{69A6B08C-389B-4171-B6C0-8E1A242D99EC}.Release|Any CPU.ActiveCfg = Release|Any CPU
		{69A6B08C-389B-4171-B6C0-8E1A242D99EC}.Release|Any CPU.Build.0 = Release|Any CPU
		{69A6B08C-389B-4171-B6C0-8E1A242D99EC}.Release|x64.ActiveCfg = Release|Any CPU
		{69A6B08C-389B-4171-B6C0-8E1A242D99EC}.Release|x64.Build.0 = Release|Any CPU
		{69A6B08C-389B-4171-B6C0-8E1A242D99EC}.Release|x86.ActiveCfg = Release|Any CPU
		{69A6B08C-389B-4171-B6C0-8E1A242D99EC}.Release|x86.Build.0 = Release|Any CPU
		{849D28DD-57AB-4F89-B028-660A54BF5658}.Debug|Any CPU.ActiveCfg = Debug|Any CPU
		{849D28DD-57AB-4F89-B028-660A54BF5658}.Debug|Any CPU.Build.0 = Debug|Any CPU
		{849D28DD-57AB-4F89-B028-660A54BF5658}.Debug|x64.ActiveCfg = Debug|Any CPU
		{849D28DD-57AB-4F89-B028-660A54BF5658}.Debug|x64.Build.0 = Debug|Any CPU
		{849D28DD-57AB-4F89-B028-660A54BF5658}.Debug|x86.ActiveCfg = Debug|Any CPU
		{849D28DD-57AB-4F89-B028-660A54BF5658}.Debug|x86.Build.0 = Debug|Any CPU
		{849D28DD-57AB-4F89-B028-660A54BF5658}.Release|Any CPU.ActiveCfg = Release|Any CPU
		{849D28DD-57AB-4F89-B028-660A54BF5658}.Release|Any CPU.Build.0 = Release|Any CPU
		{849D28DD-57AB-4F89-B028-660A54BF5658}.Release|x64.ActiveCfg = Release|Any CPU
		{849D28DD-57AB-4F89-B028-660A54BF5658}.Release|x64.Build.0 = Release|Any CPU
		{849D28DD-57AB-4F89-B028-660A54BF5658}.Release|x86.ActiveCfg = Release|Any CPU
		{849D28DD-57AB-4F89-B028-660A54BF5658}.Release|x86.Build.0 = Release|Any CPU
		{99CB3441-F12B-425C-8F17-E066FC303AE7}.Debug|Any CPU.ActiveCfg = Debug|Any CPU
		{99CB3441-F12B-425C-8F17-E066FC303AE7}.Debug|Any CPU.Build.0 = Debug|Any CPU
		{99CB3441-F12B-425C-8F17-E066FC303AE7}.Debug|x64.ActiveCfg = Debug|Any CPU
		{99CB3441-F12B-425C-8F17-E066FC303AE7}.Debug|x64.Build.0 = Debug|Any CPU
		{99CB3441-F12B-425C-8F17-E066FC303AE7}.Debug|x86.ActiveCfg = Debug|Any CPU
		{99CB3441-F12B-425C-8F17-E066FC303AE7}.Debug|x86.Build.0 = Debug|Any CPU
		{99CB3441-F12B-425C-8F17-E066FC303AE7}.Release|Any CPU.ActiveCfg = Release|Any CPU
		{99CB3441-F12B-425C-8F17-E066FC303AE7}.Release|Any CPU.Build.0 = Release|Any CPU
		{99CB3441-F12B-425C-8F17-E066FC303AE7}.Release|x64.ActiveCfg = Release|Any CPU
		{99CB3441-F12B-425C-8F17-E066FC303AE7}.Release|x64.Build.0 = Release|Any CPU
		{99CB3441-F12B-425C-8F17-E066FC303AE7}.Release|x86.ActiveCfg = Release|Any CPU
		{99CB3441-F12B-425C-8F17-E066FC303AE7}.Release|x86.Build.0 = Release|Any CPU
		{46D4374A-6348-40A9-89E1-F9C4947F83C7}.Debug|Any CPU.ActiveCfg = Debug|Any CPU
		{46D4374A-6348-40A9-89E1-F9C4947F83C7}.Debug|Any CPU.Build.0 = Debug|Any CPU
		{46D4374A-6348-40A9-89E1-F9C4947F83C7}.Debug|x64.ActiveCfg = Debug|Any CPU
		{46D4374A-6348-40A9-89E1-F9C4947F83C7}.Debug|x64.Build.0 = Debug|Any CPU
		{46D4374A-6348-40A9-89E1-F9C4947F83C7}.Debug|x86.ActiveCfg = Debug|Any CPU
		{46D4374A-6348-40A9-89E1-F9C4947F83C7}.Debug|x86.Build.0 = Debug|Any CPU
		{46D4374A-6348-40A9-89E1-F9C4947F83C7}.Release|Any CPU.ActiveCfg = Release|Any CPU
		{46D4374A-6348-40A9-89E1-F9C4947F83C7}.Release|Any CPU.Build.0 = Release|Any CPU
		{46D4374A-6348-40A9-89E1-F9C4947F83C7}.Release|x64.ActiveCfg = Release|Any CPU
		{46D4374A-6348-40A9-89E1-F9C4947F83C7}.Release|x64.Build.0 = Release|Any CPU
		{46D4374A-6348-40A9-89E1-F9C4947F83C7}.Release|x86.ActiveCfg = Release|Any CPU
		{46D4374A-6348-40A9-89E1-F9C4947F83C7}.Release|x86.Build.0 = Release|Any CPU
		{3FBA4AB7-6734-4DD9-8EE9-2C1E06F5A0C1}.Debug|Any CPU.ActiveCfg = Debug|Any CPU
		{3FBA4AB7-6734-4DD9-8EE9-2C1E06F5A0C1}.Debug|Any CPU.Build.0 = Debug|Any CPU
		{3FBA4AB7-6734-4DD9-8EE9-2C1E06F5A0C1}.Debug|x64.ActiveCfg = Debug|Any CPU
		{3FBA4AB7-6734-4DD9-8EE9-2C1E06F5A0C1}.Debug|x64.Build.0 = Debug|Any CPU
		{3FBA4AB7-6734-4DD9-8EE9-2C1E06F5A0C1}.Debug|x86.ActiveCfg = Debug|Any CPU
		{3FBA4AB7-6734-4DD9-8EE9-2C1E06F5A0C1}.Debug|x86.Build.0 = Debug|Any CPU
		{3FBA4AB7-6734-4DD9-8EE9-2C1E06F5A0C1}.Release|Any CPU.ActiveCfg = Release|Any CPU
		{3FBA4AB7-6734-4DD9-8EE9-2C1E06F5A0C1}.Release|Any CPU.Build.0 = Release|Any CPU
		{3FBA4AB7-6734-4DD9-8EE9-2C1E06F5A0C1}.Release|x64.ActiveCfg = Release|Any CPU
		{3FBA4AB7-6734-4DD9-8EE9-2C1E06F5A0C1}.Release|x64.Build.0 = Release|Any CPU
		{3FBA4AB7-6734-4DD9-8EE9-2C1E06F5A0C1}.Release|x86.ActiveCfg = Release|Any CPU
		{3FBA4AB7-6734-4DD9-8EE9-2C1E06F5A0C1}.Release|x86.Build.0 = Release|Any CPU
	EndGlobalSection
	GlobalSection(SolutionProperties) = preSolution
		HideSolutionNode = FALSE
	EndGlobalSection
	GlobalSection(ExtensibilityGlobals) = postSolution
		SolutionGuid = {A9C9D369-EE58-4E9D-B9FE-63023B644741}
	EndGlobalSection
	GlobalSection(MonoDevelopProperties) = preSolution
		StartupItem = Myra.UIEditor\Myra.UIEditor.csproj
	EndGlobalSection
EndGlobal
