
Microsoft Visual Studio Solution File, Format Version 12.00
# Visual Studio Version 16
VisualStudioVersion = 16.0.30011.22
MinimumVisualStudioVersion = 10.0.40219.1
Project("{9A19103F-16F7-4668-BE54-9A1E7A4F7556}") = "TroublesOfJord.Library", "src\TroublesOfJord.Library\TroublesOfJord.Library.csproj", "{BF9C50DB-D442-4F27-9231-AB47197F796F}"
EndProject
Project("{9A19103F-16F7-4668-BE54-9A1E7A4F7556}") = "TroublesOfJord.Game", "src\TroublesOfJord.Game\TroublesOfJord.Game.csproj", "{627757B8-B2B0-4882-8A7E-69207929D921}"
EndProject
Project("{9A19103F-16F7-4668-BE54-9A1E7A4F7556}") = "TroublesOfJord.MapEditor", "src\TroublesOfJord.MapEditor\TroublesOfJord.MapEditor.csproj", "{A7DE805E-8591-499D-B8AC-02A08E7A7D6F}"
EndProject
Project("{9A19103F-16F7-4668-BE54-9A1E7A4F7556}") = "TroublesOfJord.FontToTextureAtlas", "src\TroublesOfJord.FontToTextureAtlas\TroublesOfJord.FontToTextureAtlas.csproj", "{146CAF0C-77AF-4A65-ADD2-5F8608E63768}"
EndProject
Project("{9A19103F-16F7-4668-BE54-9A1E7A4F7556}") = "Myra.MonoGame", "..\Myra\src\Myra\Myra.MonoGame.csproj", "{7BC403C2-0ED4-4607-A738-BA14519A0F1E}"
EndProject
Project("{9A19103F-16F7-4668-BE54-9A1E7A4F7556}") = "GoRogue", "..\GoRogue\GoRogue\GoRogue.csproj", "{7E6E7F6F-50F6-4358-87AC-15548EB2A7AA}"
EndProject
Global
	GlobalSection(SolutionConfigurationPlatforms) = preSolution
		Debug Minimal Dependencies|Any CPU = Debug Minimal Dependencies|Any CPU
		Debug Minimal Dependencies|x64 = Debug Minimal Dependencies|x64
		Debug Minimal Dependencies|x86 = Debug Minimal Dependencies|x86
		Debug|Any CPU = Debug|Any CPU
		Debug|x64 = Debug|x64
		Debug|x86 = Debug|x86
		Release Minimal Dependencies|Any CPU = Release Minimal Dependencies|Any CPU
		Release Minimal Dependencies|x64 = Release Minimal Dependencies|x64
		Release Minimal Dependencies|x86 = Release Minimal Dependencies|x86
		Release|Any CPU = Release|Any CPU
		Release|x64 = Release|x64
		Release|x86 = Release|x86
	EndGlobalSection
	GlobalSection(ProjectConfigurationPlatforms) = postSolution
		{BF9C50DB-D442-4F27-9231-AB47197F796F}.Debug Minimal Dependencies|Any CPU.ActiveCfg = Debug|Any CPU
		{BF9C50DB-D442-4F27-9231-AB47197F796F}.Debug Minimal Dependencies|Any CPU.Build.0 = Debug|Any CPU
		{BF9C50DB-D442-4F27-9231-AB47197F796F}.Debug Minimal Dependencies|x64.ActiveCfg = Debug|Any CPU
		{BF9C50DB-D442-4F27-9231-AB47197F796F}.Debug Minimal Dependencies|x64.Build.0 = Debug|Any CPU
		{BF9C50DB-D442-4F27-9231-AB47197F796F}.Debug Minimal Dependencies|x86.ActiveCfg = Debug|Any CPU
		{BF9C50DB-D442-4F27-9231-AB47197F796F}.Debug Minimal Dependencies|x86.Build.0 = Debug|Any CPU
		{BF9C50DB-D442-4F27-9231-AB47197F796F}.Debug|Any CPU.ActiveCfg = Debug|Any CPU
		{BF9C50DB-D442-4F27-9231-AB47197F796F}.Debug|Any CPU.Build.0 = Debug|Any CPU
		{BF9C50DB-D442-4F27-9231-AB47197F796F}.Debug|x64.ActiveCfg = Debug|Any CPU
		{BF9C50DB-D442-4F27-9231-AB47197F796F}.Debug|x64.Build.0 = Debug|Any CPU
		{BF9C50DB-D442-4F27-9231-AB47197F796F}.Debug|x86.ActiveCfg = Debug|Any CPU
		{BF9C50DB-D442-4F27-9231-AB47197F796F}.Debug|x86.Build.0 = Debug|Any CPU
		{BF9C50DB-D442-4F27-9231-AB47197F796F}.Release Minimal Dependencies|Any CPU.ActiveCfg = Release|Any CPU
		{BF9C50DB-D442-4F27-9231-AB47197F796F}.Release Minimal Dependencies|Any CPU.Build.0 = Release|Any CPU
		{BF9C50DB-D442-4F27-9231-AB47197F796F}.Release Minimal Dependencies|x64.ActiveCfg = Release|Any CPU
		{BF9C50DB-D442-4F27-9231-AB47197F796F}.Release Minimal Dependencies|x64.Build.0 = Release|Any CPU
		{BF9C50DB-D442-4F27-9231-AB47197F796F}.Release Minimal Dependencies|x86.ActiveCfg = Release|Any CPU
		{BF9C50DB-D442-4F27-9231-AB47197F796F}.Release Minimal Dependencies|x86.Build.0 = Release|Any CPU
		{BF9C50DB-D442-4F27-9231-AB47197F796F}.Release|Any CPU.ActiveCfg = Release|Any CPU
		{BF9C50DB-D442-4F27-9231-AB47197F796F}.Release|Any CPU.Build.0 = Release|Any CPU
		{BF9C50DB-D442-4F27-9231-AB47197F796F}.Release|x64.ActiveCfg = Release|Any CPU
		{BF9C50DB-D442-4F27-9231-AB47197F796F}.Release|x64.Build.0 = Release|Any CPU
		{BF9C50DB-D442-4F27-9231-AB47197F796F}.Release|x86.ActiveCfg = Release|Any CPU
		{BF9C50DB-D442-4F27-9231-AB47197F796F}.Release|x86.Build.0 = Release|Any CPU
		{627757B8-B2B0-4882-8A7E-69207929D921}.Debug Minimal Dependencies|Any CPU.ActiveCfg = Debug|Any CPU
		{627757B8-B2B0-4882-8A7E-69207929D921}.Debug Minimal Dependencies|Any CPU.Build.0 = Debug|Any CPU
		{627757B8-B2B0-4882-8A7E-69207929D921}.Debug Minimal Dependencies|x64.ActiveCfg = Debug|Any CPU
		{627757B8-B2B0-4882-8A7E-69207929D921}.Debug Minimal Dependencies|x64.Build.0 = Debug|Any CPU
		{627757B8-B2B0-4882-8A7E-69207929D921}.Debug Minimal Dependencies|x86.ActiveCfg = Debug|Any CPU
		{627757B8-B2B0-4882-8A7E-69207929D921}.Debug Minimal Dependencies|x86.Build.0 = Debug|Any CPU
		{627757B8-B2B0-4882-8A7E-69207929D921}.Debug|Any CPU.ActiveCfg = Debug|Any CPU
		{627757B8-B2B0-4882-8A7E-69207929D921}.Debug|Any CPU.Build.0 = Debug|Any CPU
		{627757B8-B2B0-4882-8A7E-69207929D921}.Debug|x64.ActiveCfg = Debug|Any CPU
		{627757B8-B2B0-4882-8A7E-69207929D921}.Debug|x64.Build.0 = Debug|Any CPU
		{627757B8-B2B0-4882-8A7E-69207929D921}.Debug|x86.ActiveCfg = Debug|Any CPU
		{627757B8-B2B0-4882-8A7E-69207929D921}.Debug|x86.Build.0 = Debug|Any CPU
		{627757B8-B2B0-4882-8A7E-69207929D921}.Release Minimal Dependencies|Any CPU.ActiveCfg = Release|Any CPU
		{627757B8-B2B0-4882-8A7E-69207929D921}.Release Minimal Dependencies|Any CPU.Build.0 = Release|Any CPU
		{627757B8-B2B0-4882-8A7E-69207929D921}.Release Minimal Dependencies|x64.ActiveCfg = Release|Any CPU
		{627757B8-B2B0-4882-8A7E-69207929D921}.Release Minimal Dependencies|x64.Build.0 = Release|Any CPU
		{627757B8-B2B0-4882-8A7E-69207929D921}.Release Minimal Dependencies|x86.ActiveCfg = Release|Any CPU
		{627757B8-B2B0-4882-8A7E-69207929D921}.Release Minimal Dependencies|x86.Build.0 = Release|Any CPU
		{627757B8-B2B0-4882-8A7E-69207929D921}.Release|Any CPU.ActiveCfg = Release|Any CPU
		{627757B8-B2B0-4882-8A7E-69207929D921}.Release|Any CPU.Build.0 = Release|Any CPU
		{627757B8-B2B0-4882-8A7E-69207929D921}.Release|x64.ActiveCfg = Release|Any CPU
		{627757B8-B2B0-4882-8A7E-69207929D921}.Release|x64.Build.0 = Release|Any CPU
		{627757B8-B2B0-4882-8A7E-69207929D921}.Release|x86.ActiveCfg = Release|Any CPU
		{627757B8-B2B0-4882-8A7E-69207929D921}.Release|x86.Build.0 = Release|Any CPU
		{A7DE805E-8591-499D-B8AC-02A08E7A7D6F}.Debug Minimal Dependencies|Any CPU.ActiveCfg = Debug|Any CPU
		{A7DE805E-8591-499D-B8AC-02A08E7A7D6F}.Debug Minimal Dependencies|Any CPU.Build.0 = Debug|Any CPU
		{A7DE805E-8591-499D-B8AC-02A08E7A7D6F}.Debug Minimal Dependencies|x64.ActiveCfg = Debug|Any CPU
		{A7DE805E-8591-499D-B8AC-02A08E7A7D6F}.Debug Minimal Dependencies|x64.Build.0 = Debug|Any CPU
		{A7DE805E-8591-499D-B8AC-02A08E7A7D6F}.Debug Minimal Dependencies|x86.ActiveCfg = Debug|Any CPU
		{A7DE805E-8591-499D-B8AC-02A08E7A7D6F}.Debug Minimal Dependencies|x86.Build.0 = Debug|Any CPU
		{A7DE805E-8591-499D-B8AC-02A08E7A7D6F}.Debug|Any CPU.ActiveCfg = Debug|Any CPU
		{A7DE805E-8591-499D-B8AC-02A08E7A7D6F}.Debug|Any CPU.Build.0 = Debug|Any CPU
		{A7DE805E-8591-499D-B8AC-02A08E7A7D6F}.Debug|x64.ActiveCfg = Debug|Any CPU
		{A7DE805E-8591-499D-B8AC-02A08E7A7D6F}.Debug|x64.Build.0 = Debug|Any CPU
		{A7DE805E-8591-499D-B8AC-02A08E7A7D6F}.Debug|x86.ActiveCfg = Debug|Any CPU
		{A7DE805E-8591-499D-B8AC-02A08E7A7D6F}.Debug|x86.Build.0 = Debug|Any CPU
		{A7DE805E-8591-499D-B8AC-02A08E7A7D6F}.Release Minimal Dependencies|Any CPU.ActiveCfg = Release|Any CPU
		{A7DE805E-8591-499D-B8AC-02A08E7A7D6F}.Release Minimal Dependencies|Any CPU.Build.0 = Release|Any CPU
		{A7DE805E-8591-499D-B8AC-02A08E7A7D6F}.Release Minimal Dependencies|x64.ActiveCfg = Release|Any CPU
		{A7DE805E-8591-499D-B8AC-02A08E7A7D6F}.Release Minimal Dependencies|x64.Build.0 = Release|Any CPU
		{A7DE805E-8591-499D-B8AC-02A08E7A7D6F}.Release Minimal Dependencies|x86.ActiveCfg = Release|Any CPU
		{A7DE805E-8591-499D-B8AC-02A08E7A7D6F}.Release Minimal Dependencies|x86.Build.0 = Release|Any CPU
		{A7DE805E-8591-499D-B8AC-02A08E7A7D6F}.Release|Any CPU.ActiveCfg = Release|Any CPU
		{A7DE805E-8591-499D-B8AC-02A08E7A7D6F}.Release|Any CPU.Build.0 = Release|Any CPU
		{A7DE805E-8591-499D-B8AC-02A08E7A7D6F}.Release|x64.ActiveCfg = Release|Any CPU
		{A7DE805E-8591-499D-B8AC-02A08E7A7D6F}.Release|x64.Build.0 = Release|Any CPU
		{A7DE805E-8591-499D-B8AC-02A08E7A7D6F}.Release|x86.ActiveCfg = Release|Any CPU
		{A7DE805E-8591-499D-B8AC-02A08E7A7D6F}.Release|x86.Build.0 = Release|Any CPU
		{146CAF0C-77AF-4A65-ADD2-5F8608E63768}.Debug Minimal Dependencies|Any CPU.ActiveCfg = Debug|Any CPU
		{146CAF0C-77AF-4A65-ADD2-5F8608E63768}.Debug Minimal Dependencies|Any CPU.Build.0 = Debug|Any CPU
		{146CAF0C-77AF-4A65-ADD2-5F8608E63768}.Debug Minimal Dependencies|x64.ActiveCfg = Debug|Any CPU
		{146CAF0C-77AF-4A65-ADD2-5F8608E63768}.Debug Minimal Dependencies|x64.Build.0 = Debug|Any CPU
		{146CAF0C-77AF-4A65-ADD2-5F8608E63768}.Debug Minimal Dependencies|x86.ActiveCfg = Debug|Any CPU
		{146CAF0C-77AF-4A65-ADD2-5F8608E63768}.Debug Minimal Dependencies|x86.Build.0 = Debug|Any CPU
		{146CAF0C-77AF-4A65-ADD2-5F8608E63768}.Debug|Any CPU.ActiveCfg = Debug|Any CPU
		{146CAF0C-77AF-4A65-ADD2-5F8608E63768}.Debug|Any CPU.Build.0 = Debug|Any CPU
		{146CAF0C-77AF-4A65-ADD2-5F8608E63768}.Debug|x64.ActiveCfg = Debug|Any CPU
		{146CAF0C-77AF-4A65-ADD2-5F8608E63768}.Debug|x64.Build.0 = Debug|Any CPU
		{146CAF0C-77AF-4A65-ADD2-5F8608E63768}.Debug|x86.ActiveCfg = Debug|Any CPU
		{146CAF0C-77AF-4A65-ADD2-5F8608E63768}.Debug|x86.Build.0 = Debug|Any CPU
		{146CAF0C-77AF-4A65-ADD2-5F8608E63768}.Release Minimal Dependencies|Any CPU.ActiveCfg = Release|Any CPU
		{146CAF0C-77AF-4A65-ADD2-5F8608E63768}.Release Minimal Dependencies|Any CPU.Build.0 = Release|Any CPU
		{146CAF0C-77AF-4A65-ADD2-5F8608E63768}.Release Minimal Dependencies|x64.ActiveCfg = Release|Any CPU
		{146CAF0C-77AF-4A65-ADD2-5F8608E63768}.Release Minimal Dependencies|x64.Build.0 = Release|Any CPU
		{146CAF0C-77AF-4A65-ADD2-5F8608E63768}.Release Minimal Dependencies|x86.ActiveCfg = Release|Any CPU
		{146CAF0C-77AF-4A65-ADD2-5F8608E63768}.Release Minimal Dependencies|x86.Build.0 = Release|Any CPU
		{146CAF0C-77AF-4A65-ADD2-5F8608E63768}.Release|Any CPU.ActiveCfg = Release|Any CPU
		{146CAF0C-77AF-4A65-ADD2-5F8608E63768}.Release|Any CPU.Build.0 = Release|Any CPU
		{146CAF0C-77AF-4A65-ADD2-5F8608E63768}.Release|x64.ActiveCfg = Release|Any CPU
		{146CAF0C-77AF-4A65-ADD2-5F8608E63768}.Release|x64.Build.0 = Release|Any CPU
		{146CAF0C-77AF-4A65-ADD2-5F8608E63768}.Release|x86.ActiveCfg = Release|Any CPU
		{146CAF0C-77AF-4A65-ADD2-5F8608E63768}.Release|x86.Build.0 = Release|Any CPU
		{7BC403C2-0ED4-4607-A738-BA14519A0F1E}.Debug Minimal Dependencies|Any CPU.ActiveCfg = Debug|Any CPU
		{7BC403C2-0ED4-4607-A738-BA14519A0F1E}.Debug Minimal Dependencies|Any CPU.Build.0 = Debug|Any CPU
		{7BC403C2-0ED4-4607-A738-BA14519A0F1E}.Debug Minimal Dependencies|x64.ActiveCfg = Debug|Any CPU
		{7BC403C2-0ED4-4607-A738-BA14519A0F1E}.Debug Minimal Dependencies|x64.Build.0 = Debug|Any CPU
		{7BC403C2-0ED4-4607-A738-BA14519A0F1E}.Debug Minimal Dependencies|x86.ActiveCfg = Debug|Any CPU
		{7BC403C2-0ED4-4607-A738-BA14519A0F1E}.Debug Minimal Dependencies|x86.Build.0 = Debug|Any CPU
		{7BC403C2-0ED4-4607-A738-BA14519A0F1E}.Debug|Any CPU.ActiveCfg = Debug|Any CPU
		{7BC403C2-0ED4-4607-A738-BA14519A0F1E}.Debug|Any CPU.Build.0 = Debug|Any CPU
		{7BC403C2-0ED4-4607-A738-BA14519A0F1E}.Debug|x64.ActiveCfg = Debug|Any CPU
		{7BC403C2-0ED4-4607-A738-BA14519A0F1E}.Debug|x64.Build.0 = Debug|Any CPU
		{7BC403C2-0ED4-4607-A738-BA14519A0F1E}.Debug|x86.ActiveCfg = Debug|Any CPU
		{7BC403C2-0ED4-4607-A738-BA14519A0F1E}.Debug|x86.Build.0 = Debug|Any CPU
		{7BC403C2-0ED4-4607-A738-BA14519A0F1E}.Release Minimal Dependencies|Any CPU.ActiveCfg = Release|Any CPU
		{7BC403C2-0ED4-4607-A738-BA14519A0F1E}.Release Minimal Dependencies|Any CPU.Build.0 = Release|Any CPU
		{7BC403C2-0ED4-4607-A738-BA14519A0F1E}.Release Minimal Dependencies|x64.ActiveCfg = Release|Any CPU
		{7BC403C2-0ED4-4607-A738-BA14519A0F1E}.Release Minimal Dependencies|x64.Build.0 = Release|Any CPU
		{7BC403C2-0ED4-4607-A738-BA14519A0F1E}.Release Minimal Dependencies|x86.ActiveCfg = Release|Any CPU
		{7BC403C2-0ED4-4607-A738-BA14519A0F1E}.Release Minimal Dependencies|x86.Build.0 = Release|Any CPU
		{7BC403C2-0ED4-4607-A738-BA14519A0F1E}.Release|Any CPU.ActiveCfg = Release|Any CPU
		{7BC403C2-0ED4-4607-A738-BA14519A0F1E}.Release|Any CPU.Build.0 = Release|Any CPU
		{7BC403C2-0ED4-4607-A738-BA14519A0F1E}.Release|x64.ActiveCfg = Release|Any CPU
		{7BC403C2-0ED4-4607-A738-BA14519A0F1E}.Release|x64.Build.0 = Release|Any CPU
		{7BC403C2-0ED4-4607-A738-BA14519A0F1E}.Release|x86.ActiveCfg = Release|Any CPU
		{7BC403C2-0ED4-4607-A738-BA14519A0F1E}.Release|x86.Build.0 = Release|Any CPU
		{7E6E7F6F-50F6-4358-87AC-15548EB2A7AA}.Debug Minimal Dependencies|Any CPU.ActiveCfg = Debug Minimal Dependencies|Any CPU
		{7E6E7F6F-50F6-4358-87AC-15548EB2A7AA}.Debug Minimal Dependencies|Any CPU.Build.0 = Debug Minimal Dependencies|Any CPU
		{7E6E7F6F-50F6-4358-87AC-15548EB2A7AA}.Debug Minimal Dependencies|x64.ActiveCfg = Debug Minimal Dependencies|Any CPU
		{7E6E7F6F-50F6-4358-87AC-15548EB2A7AA}.Debug Minimal Dependencies|x64.Build.0 = Debug Minimal Dependencies|Any CPU
		{7E6E7F6F-50F6-4358-87AC-15548EB2A7AA}.Debug Minimal Dependencies|x86.ActiveCfg = Debug Minimal Dependencies|Any CPU
		{7E6E7F6F-50F6-4358-87AC-15548EB2A7AA}.Debug Minimal Dependencies|x86.Build.0 = Debug Minimal Dependencies|Any CPU
		{7E6E7F6F-50F6-4358-87AC-15548EB2A7AA}.Debug|Any CPU.ActiveCfg = Debug|Any CPU
		{7E6E7F6F-50F6-4358-87AC-15548EB2A7AA}.Debug|Any CPU.Build.0 = Debug|Any CPU
		{7E6E7F6F-50F6-4358-87AC-15548EB2A7AA}.Debug|x64.ActiveCfg = Debug|Any CPU
		{7E6E7F6F-50F6-4358-87AC-15548EB2A7AA}.Debug|x64.Build.0 = Debug|Any CPU
		{7E6E7F6F-50F6-4358-87AC-15548EB2A7AA}.Debug|x86.ActiveCfg = Debug|Any CPU
		{7E6E7F6F-50F6-4358-87AC-15548EB2A7AA}.Debug|x86.Build.0 = Debug|Any CPU
		{7E6E7F6F-50F6-4358-87AC-15548EB2A7AA}.Release Minimal Dependencies|Any CPU.ActiveCfg = Release Minimal Dependencies|Any CPU
		{7E6E7F6F-50F6-4358-87AC-15548EB2A7AA}.Release Minimal Dependencies|Any CPU.Build.0 = Release Minimal Dependencies|Any CPU
		{7E6E7F6F-50F6-4358-87AC-15548EB2A7AA}.Release Minimal Dependencies|x64.ActiveCfg = Release Minimal Dependencies|Any CPU
		{7E6E7F6F-50F6-4358-87AC-15548EB2A7AA}.Release Minimal Dependencies|x64.Build.0 = Release Minimal Dependencies|Any CPU
		{7E6E7F6F-50F6-4358-87AC-15548EB2A7AA}.Release Minimal Dependencies|x86.ActiveCfg = Release Minimal Dependencies|Any CPU
		{7E6E7F6F-50F6-4358-87AC-15548EB2A7AA}.Release Minimal Dependencies|x86.Build.0 = Release Minimal Dependencies|Any CPU
		{7E6E7F6F-50F6-4358-87AC-15548EB2A7AA}.Release|Any CPU.ActiveCfg = Release|Any CPU
		{7E6E7F6F-50F6-4358-87AC-15548EB2A7AA}.Release|Any CPU.Build.0 = Release|Any CPU
		{7E6E7F6F-50F6-4358-87AC-15548EB2A7AA}.Release|x64.ActiveCfg = Release|Any CPU
		{7E6E7F6F-50F6-4358-87AC-15548EB2A7AA}.Release|x64.Build.0 = Release|Any CPU
		{7E6E7F6F-50F6-4358-87AC-15548EB2A7AA}.Release|x86.ActiveCfg = Release|Any CPU
		{7E6E7F6F-50F6-4358-87AC-15548EB2A7AA}.Release|x86.Build.0 = Release|Any CPU
	EndGlobalSection
	GlobalSection(SolutionProperties) = preSolution
		HideSolutionNode = FALSE
	EndGlobalSection
	GlobalSection(ExtensibilityGlobals) = postSolution
		SolutionGuid = {A9C9D369-EE58-4E9D-B9FE-63023B644741}
	EndGlobalSection
	GlobalSection(MonoDevelopProperties) = preSolution
		StartupItem = Myra.UIEditor\Myra.UIEditor.csproj
	EndGlobalSection
EndGlobal
